{
  "sources": {
    "apt": {
      "locked_version": "2.3.9",
      "git": "https://github.com/opscode-cookbooks/apt",
      "ref": "8ef28bceaa6a9eded47e640d26df4a6f3a80320c"
    },
    "build-essential": {
      "locked_version": "1.4.4",
      "git": "https://github.com/opscode-cookbooks/build-essential",
      "ref": "c1f1166bcd20ac4b3dbda518a794936ac4401d7f"
    }
  }
}
